{
    "_readme": [
        "This file locks the dependencies of your project to a known state",
        "Read more about it at https://getcomposer.org/doc/01-basic-usage.md#composer-lock-the-lock-file",
        "This file is @generated automatically"
    ],
    "content-hash": "9ed3a129973c2798fed0bc0ae439632e",
    "packages": [
        {
            "name": "znframework/package-zerocore",
            "version": "5.0.1",
            "source": {
                "type": "git",
                "url": "https://github.com/znframework/package-zerocore.git",
                "reference": "ad5afd34d4c50800ccf2862a91414713f2ef0b60"
            },
            "dist": {
                "type": "zip",
                "url": "https://api.github.com/repos/znframework/package-zerocore/zipball/ad5afd34d4c50800ccf2862a91414713f2ef0b60",
                "reference": "ad5afd34d4c50800ccf2862a91414713f2ef0b60",
                "shasum": ""
            },
            "require": {
                "php": ">=7.0.0"
            },
            "type": "library",
            "autoload": {
                "psr-4": {
                    "ZN\\": ""
                }
            },
            "notification-url": "https://packagist.org/downloads/",
            "license": [
                "MIT"
            ],
            "authors": [
                {
                    "name": "Ozan Uykun",
                    "email": "ozan@znframework.com"
                }
            ],
            "description": "ZN Framework Core Package",
            "homepage": "https://znframework.com",
            "keywords": [
                "zerocore",
                "znframework"
            ],
            "time": "2018-01-20T09:47:30+00:00"
        }
    ],
    "packages-dev": [],
    "aliases": [],
    "minimum-stability": "stable",
    "stability-flags": [],
    "prefer-stable": false,
    "prefer-lowest": false,
    "platform": {
        "php": ">=7.0.0"
    },
    "platform-dev": []
}
